
Microsoft Visual Studio Solution File, Format Version 12.00
# Visual Studio Version 16
VisualStudioVersion = 16.0.30717.126
MinimumVisualStudioVersion = 10.0.40219.1
Project("{FAE04EC0-301F-11D3-BF4B-00C04F79EFBC}") = "L_3_t_6", "L_3_t_6.csproj", "{FBE1BCD7-AF5E-46A6-A632-AAA15A79EBE1}"
EndProject
Global
	GlobalSection(SolutionConfigurationPlatforms) = preSolution
		Debug|Any CPU = Debug|Any CPU
		Release|Any CPU = Release|Any CPU
	EndGlobalSection
	GlobalSection(ProjectConfigurationPlatforms) = postSolution
		{FBE1BCD7-AF5E-46A6-A632-AAA15A79EBE1}.Debug|Any CPU.ActiveCfg = Debug|Any CPU
		{FBE1BCD7-AF5E-46A6-A632-AAA15A79EBE1}.Debug|Any CPU.Build.0 = Debug|Any CPU
		{FBE1BCD7-AF5E-46A6-A632-AAA15A79EBE1}.Release|Any CPU.ActiveCfg = Release|Any CPU
		{FBE1BCD7-AF5E-46A6-A632-AAA15A79EBE1}.Release|Any CPU.Build.0 = Release|Any CPU
	EndGlobalSection
	GlobalSection(SolutionProperties) = preSolution
		HideSolutionNode = FALSE
	EndGlobalSection
	GlobalSection(ExtensibilityGlobals) = postSolution
		SolutionGuid = {33EA5927-B423-44BE-AE6E-F024BFE9BB60}
	EndGlobalSection
EndGlobal
